// !$*UTF8*$!
{
	archiveVersion = 1;
	classes = {
	};
	objectVersion = 46;
	objects = {

/* Begin PBXBuildFile section */
		320E627F1EDCA8E00053E03F /* AppDelegate.swift in Sources */ = {isa = PBXBuildFile; fileRef = 320E627E1EDCA8E00053E03F /* AppDelegate.swift */; };
		320E62811EDCA8E00053E03F /* ViewController.swift in Sources */ = {isa = PBXBuildFile; fileRef = 320E62801EDCA8E00053E03F /* ViewController.swift */; };
		320E62841EDCA8E00053E03F /* Main.storyboard in Resources */ = {isa = PBXBuildFile; fileRef = 320E62821EDCA8E00053E03F /* Main.storyboard */; };
		320E62861EDCA8E00053E03F /* Assets.xcassets in Resources */ = {isa = PBXBuildFile; fileRef = 320E62851EDCA8E00053E03F /* Assets.xcassets */; };
		320E62891EDCA8E00053E03F /* LaunchScreen.storyboard in Resources */ = {isa = PBXBuildFile; fileRef = 320E62871EDCA8E00053E03F /* LaunchScreen.storyboard */; };
		320E62911EDCAAE20053E03F /* ImageVC.swift in Sources */ = {isa = PBXBuildFile; fileRef = 320E62901EDCAAE20053E03F /* ImageVC.swift */; };
		32E359881EDF4CAE00C21F1D /* CollectionViewCell.swift in Sources */ = {isa = PBXBuildFile; fileRef = 32E359871EDF4CAE00C21F1D /* CollectionViewCell.swift */; };
		846D6B1A1EEC140D00C83DDF /* ImageUpload.swift in Sources */ = {isa = PBXBuildFile; fileRef = 846D6B191EEC140D00C83DDF /* ImageUpload.swift */; };
		846D6B1C1EEC3D6800C83DDF /* NotificationNameExtension.swift in Sources */ = {isa = PBXBuildFile; fileRef = 846D6B1B1EEC3D6800C83DDF /* NotificationNameExtension.swift */; };
		846D6B1E1EEC5C5700C83DDF /* Spinner.swift in Sources */ = {isa = PBXBuildFile; fileRef = 846D6B1D1EEC5C5700C83DDF /* Spinner.swift */; };
/* End PBXBuildFile section */

/* Begin PBXFileReference section */
		320E627B1EDCA8E00053E03F /* CollectionView.app */ = {isa = PBXFileReference; explicitFileType = wrapper.application; includeInIndex = 0; path = CollectionView.app; sourceTree = BUILT_PRODUCTS_DIR; };
		320E627E1EDCA8E00053E03F /* AppDelegate.swift */ = {isa = PBXFileReference; lastKnownFileType = sourcecode.swift; path = AppDelegate.swift; sourceTree = "<group>"; };
		320E62801EDCA8E00053E03F /* ViewController.swift */ = {isa = PBXFileReference; lastKnownFileType = sourcecode.swift; path = ViewController.swift; sourceTree = "<group>"; };
		320E62831EDCA8E00053E03F /* Base */ = {isa = PBXFileReference; lastKnownFileType = file.storyboard; name = Base; path = Base.lproj/Main.storyboard; sourceTree = "<group>"; };
		320E62851EDCA8E00053E03F /* Assets.xcassets */ = {isa = PBXFileReference; lastKnownFileType = folder.assetcatalog; path = Assets.xcassets; sourceTree = "<group>"; };
		320E62881EDCA8E00053E03F /* Base */ = {isa = PBXFileReference; lastKnownFileType = file.storyboard; name = Base; path = Base.lproj/LaunchScreen.storyboard; sourceTree = "<group>"; };
		320E628A1EDCA8E00053E03F /* Info.plist */ = {isa = PBXFileReference; lastKnownFileType = text.plist.xml; path = Info.plist; sourceTree = "<group>"; };
		320E62901EDCAAE20053E03F /* ImageVC.swift */ = {isa = PBXFileReference; fileEncoding = 4; lastKnownFileType = sourcecode.swift; path = ImageVC.swift; sourceTree = "<group>"; };
		32E359871EDF4CAE00C21F1D /* CollectionViewCell.swift */ = {isa = PBXFileReference; fileEncoding = 4; lastKnownFileType = sourcecode.swift; path = CollectionViewCell.swift; sourceTree = SOURCE_ROOT; };
		846D6B191EEC140D00C83DDF /* ImageUpload.swift */ = {isa = PBXFileReference; fileEncoding = 4; lastKnownFileType = sourcecode.swift; path = ImageUpload.swift; sourceTree = "<group>"; };
		846D6B1B1EEC3D6800C83DDF /* NotificationNameExtension.swift */ = {isa = PBXFileReference; fileEncoding = 4; lastKnownFileType = sourcecode.swift; path = NotificationNameExtension.swift; sourceTree = "<group>"; };
		846D6B1D1EEC5C5700C83DDF /* Spinner.swift */ = {isa = PBXFileReference; fileEncoding = 4; lastKnownFileType = sourcecode.swift; path = Spinner.swift; sourceTree = "<group>"; };
/* End PBXFileReference section */

/* Begin PBXFrameworksBuildPhase section */
		320E62781EDCA8E00053E03F /* Frameworks */ = {
			isa = PBXFrameworksBuildPhase;
			buildActionMask = 2147483647;
			files = (
			);
			runOnlyForDeploymentPostprocessing = 0;
		};
/* End PBXFrameworksBuildPhase section */

/* Begin PBXGroup section */
		320E62721EDCA8E00053E03F = {
			isa = PBXGroup;
			children = (
				320E627D1EDCA8E00053E03F /* CollectionView */,
				320E627C1EDCA8E00053E03F /* Products */,
			);
			sourceTree = "<group>";
		};
		320E627C1EDCA8E00053E03F /* Products */ = {
			isa = PBXGroup;
			children = (
				320E627B1EDCA8E00053E03F /* CollectionView.app */,
			);
			name = Products;
			sourceTree = "<group>";
		};
		320E627D1EDCA8E00053E03F /* CollectionView */ = {
			isa = PBXGroup;
			children = (
				320E627E1EDCA8E00053E03F /* AppDelegate.swift */,
				320E62801EDCA8E00053E03F /* ViewController.swift */,
				846D6B191EEC140D00C83DDF /* ImageUpload.swift */,
				320E62901EDCAAE20053E03F /* ImageVC.swift */,
				32E359871EDF4CAE00C21F1D /* CollectionViewCell.swift */,
				320E62821EDCA8E00053E03F /* Main.storyboard */,
				320E62851EDCA8E00053E03F /* Assets.xcassets */,
				320E62871EDCA8E00053E03F /* LaunchScreen.storyboard */,
				320E628A1EDCA8E00053E03F /* Info.plist */,
				846D6B1B1EEC3D6800C83DDF /* NotificationNameExtension.swift */,
				846D6B1D1EEC5C5700C83DDF /* Spinner.swift */,
			);
			path = CollectionView;
			sourceTree = "<group>";
		};
/* End PBXGroup section */

/* Begin PBXNativeTarget section */
		320E627A1EDCA8E00053E03F /* CollectionView */ = {
			isa = PBXNativeTarget;
			buildConfigurationList = 320E628D1EDCA8E00053E03F /* Build configuration list for PBXNativeTarget "CollectionView" */;
			buildPhases = (
				320E62771EDCA8E00053E03F /* Sources */,
				320E62781EDCA8E00053E03F /* Frameworks */,
				320E62791EDCA8E00053E03F /* Resources */,
			);
			buildRules = (
			);
			dependencies = (
			);
			name = CollectionView;
			productName = CollectionView;
			productReference = 320E627B1EDCA8E00053E03F /* CollectionView.app */;
			productType = "com.apple.product-type.application";
		};
/* End PBXNativeTarget section */

/* Begin PBXProject section */
		320E62731EDCA8E00053E03F /* Project object */ = {
			isa = PBXProject;
			attributes = {
				LastSwiftUpdateCheck = 0830;
				LastUpgradeCheck = 0830;
				ORGANIZATIONNAME = klyushkina;
				TargetAttributes = {
					320E627A1EDCA8E00053E03F = {
						CreatedOnToolsVersion = 8.3.2;
						DevelopmentTeam = PTT8AW7PPX;
						ProvisioningStyle = Automatic;
					};
				};
			};
			buildConfigurationList = 320E62761EDCA8E00053E03F /* Build configuration list for PBXProject "CollectionView" */;
			compatibilityVersion = "Xcode 3.2";
			developmentRegion = English;
			hasScannedForEncodings = 0;
			knownRegions = (
				en,
				Base,
			);
			mainGroup = 320E62721EDCA8E00053E03F;
			productRefGroup = 320E627C1EDCA8E00053E03F /* Products */;
			projectDirPath = "";
			projectRoot = "";
			targets = (
				320E627A1EDCA8E00053E03F /* CollectionView */,
			);
		};
/* End PBXProject section */

/* Begin PBXResourcesBuildPhase section */
		320E62791EDCA8E00053E03F /* Resources */ = {
			isa = PBXResourcesBuildPhase;
			buildActionMask = 2147483647;
			files = (
				320E62891EDCA8E00053E03F /* LaunchScreen.storyboard in Resources */,
				320E62861EDCA8E00053E03F /* Assets.xcassets in Resources */,
				320E62841EDCA8E00053E03F /* Main.storyboard in Resources */,
			);
			runOnlyForDeploymentPostprocessing = 0;
		};
/* End PBXResourcesBuildPhase section */

/* Begin PBXSourcesBuildPhase section */
		320E62771EDCA8E00053E03F /* Sources */ = {
			isa = PBXSourcesBuildPhase;
			buildActionMask = 2147483647;
			files = (
				320E62811EDCA8E00053E03F /* ViewController.swift in Sources */,
				320E627F1EDCA8E00053E03F /* AppDelegate.swift in Sources */,
				846D6B1A1EEC140D00C83DDF /* ImageUpload.swift in Sources */,
				846D6B1E1EEC5C5700C83DDF /* Spinner.swift in Sources */,
				846D6B1C1EEC3D6800C83DDF /* NotificationNameExtension.swift in Sources */,
				32E359881EDF4CAE00C21F1D /* CollectionViewCell.swift in Sources */,
				320E62911EDCAAE20053E03F /* ImageVC.swift in Sources */,
			);
			runOnlyForDeploymentPostprocessing = 0;
		};
/* End PBXSourcesBuildPhase section */

/* Begin PBXVariantGroup section */
		320E62821EDCA8E00053E03F /* Main.storyboard */ = {
			isa = PBXVariantGroup;
			children = (
				320E62831EDCA8E00053E03F /* Base */,
			);
			name = Main.storyboard;
			sourceTree = "<group>";
		};
		320E62871EDCA8E00053E03F /* LaunchScreen.storyboard */ = {
			isa = PBXVariantGroup;
			children = (
				320E62881EDCA8E00053E03F /* Base */,
			);
			name = LaunchScreen.storyboard;
			sourceTree = "<group>";
		};
/* End PBXVariantGroup section */

/* Begin XCBuildConfiguration section */
		320E628B1EDCA8E00053E03F /* Debug */ = {
			isa = XCBuildConfiguration;
			buildSettings = {
				ALWAYS_SEARCH_USER_PATHS = NO;
				CLANG_ANALYZER_NONNULL = YES;
				CLANG_ANALYZER_NUMBER_OBJECT_CONVERSION = YES_AGGRESSIVE;
				CLANG_CXX_LANGUAGE_STANDARD = "gnu++0x";
				CLANG_CXX_LIBRARY = "libc++";
				CLANG_ENABLE_MODULES = YES;
				CLANG_ENABLE_OBJC_ARC = YES;
				CLANG_WARN_BOOL_CONVERSION = YES;
				CLANG_WARN_CONSTANT_CONVERSION = YES;
				CLANG_WARN_DIRECT_OBJC_ISA_USAGE = YES_ERROR;
				CLANG_WARN_DOCUMENTATION_COMMENTS = YES;
				CLANG_WARN_EMPTY_BODY = YES;
				CLANG_WARN_ENUM_CONVERSION = YES;
				CLANG_WARN_INFINITE_RECURSION = YES;
				CLANG_WARN_INT_CONVERSION = YES;
				CLANG_WARN_OBJC_ROOT_CLASS = YES_ERROR;
				CLANG_WARN_SUSPICIOUS_MOVE = YES;
				CLANG_WARN_UNREACHABLE_CODE = YES;
				CLANG_WARN__DUPLICATE_METHOD_MATCH = YES;
				"CODE_SIGN_IDENTITY[sdk=iphoneos*]" = "iPhone Developer";
				COPY_PHASE_STRIP = NO;
				DEBUG_INFORMATION_FORMAT = dwarf;
				ENABLE_STRICT_OBJC_MSGSEND = YES;
				ENABLE_TESTABILITY = YES;
				GCC_C_LANGUAGE_STANDARD = gnu99;
				GCC_DYNAMIC_NO_PIC = NO;
				GCC_NO_COMMON_BLOCKS = YES;
				GCC_OPTIMIZATION_LEVEL = 0;
				GCC_PREPROCESSOR_DEFINITIONS = (
					"DEBUG=1",
					"$(inherited)",
				);
				GCC_WARN_64_TO_32_BIT_CONVERSION = YES;
				GCC_WARN_ABOUT_RETURN_TYPE = YES_ERROR;
				GCC_WARN_UNDECLARED_SELECTOR = YES;
				GCC_WARN_UNINITIALIZED_AUTOS = YES_AGGRESSIVE;
				GCC_WARN_UNUSED_FUNCTION = YES;
				GCC_WARN_UNUSED_VARIABLE = YES;
				IPHONEOS_DEPLOYMENT_TARGET = 10.3;
				MTL_ENABLE_DEBUG_INFO = YES;
				ONLY_ACTIVE_ARCH = YES;
				SDKROOT = iphoneos;
				SWIFT_ACTIVE_COMPILATION_CONDITIONS = DEBUG;
				SWIFT_OPTIMIZATION_LEVEL = "-Onone";
			};
			name = Debug;
		};
		320E628C1EDCA8E00053E03F /* Release */ = {
			isa = XCBuildConfiguration;
			buildSettings = {
				ALWAYS_SEARCH_USER_PATHS = NO;
				CLANG_ANALYZER_NONNULL = YES;
				CLANG_ANALYZER_NUMBER_OBJECT_CONVERSION = YES_AGGRESSIVE;
				CLANG_CXX_LANGUAGE_STANDARD = "gnu++0x";
				CLANG_CXX_LIBRARY = "libc++";
				CLANG_ENABLE_MODULES = YES;
				CLANG_ENABLE_OBJC_ARC = YES;
				CLANG_WARN_BOOL_CONVERSION = YES;
				CLANG_WARN_CONSTANT_CONVERSION = YES;
				CLANG_WARN_DIRECT_OBJC_ISA_USAGE = YES_ERROR;
				CLANG_WARN_DOCUMENTATION_COMMENTS = YES;
				CLANG_WARN_EMPTY_BODY = YES;
				CLANG_WARN_ENUM_CONVERSION = YES;
				CLANG_WARN_INFINITE_RECURSION = YES;
				CLANG_WARN_INT_CONVERSION = YES;
				CLANG_WARN_OBJC_ROOT_CLASS = YES_ERROR;
				CLANG_WARN_SUSPICIOUS_MOVE = YES;
				CLANG_WARN_UNREACHABLE_CODE = YES;
				CLANG_WARN__DUPLICATE_METHOD_MATCH = YES;
				"CODE_SIGN_IDENTITY[sdk=iphoneos*]" = "iPhone Developer";
				COPY_PHASE_STRIP = NO;
				DEBUG_INFORMATION_FORMAT = "dwarf-with-dsym";
				ENABLE_NS_ASSERTIONS = NO;
				ENABLE_STRICT_OBJC_MSGSEND = YES;
				GCC_C_LANGUAGE_STANDARD = gnu99;
				GCC_NO_COMMON_BLOCKS = YES;
				GCC_WARN_64_TO_32_BIT_CONVERSION = YES;
				GCC_WARN_ABOUT_RETURN_TYPE = YES_ERROR;
				GCC_WARN_UNDECLARED_SELECTOR = YES;
				GCC_WARN_UNINITIALIZED_AUTOS = YES_AGGRESSIVE;
				GCC_WARN_UNUSED_FUNCTION = YES;
				GCC_WARN_UNUSED_VARIABLE = YES;
				IPHONEOS_DEPLOYMENT_TARGET = 10.3;
				MTL_ENABLE_DEBUG_INFO = NO;
				SDKROOT = iphoneos;
				SWIFT_OPTIMIZATION_LEVEL = "-Owholemodule";
				VALIDATE_PRODUCT = YES;
			};
			name = Release;
		};
		320E628E1EDCA8E00053E03F /* Debug */ = {
			isa = XCBuildConfiguration;
			buildSettings = {
				ASSETCATALOG_COMPILER_APPICON_NAME = AppIcon;
				DEVELOPMENT_TEAM = PTT8AW7PPX;
				INFOPLIST_FILE = CollectionView/Info.plist;
				LD_RUNPATH_SEARCH_PATHS = "$(inherited) @executable_path/Frameworks";
				PRODUCT_BUNDLE_IDENTIFIER = com.klyushkina.CollectionView;
				PRODUCT_NAME = "$(TARGET_NAME)";
				SWIFT_VERSION = 3.0;
			};
			name = Debug;
		};
		320E628F1EDCA8E00053E03F /* Release */ = {
			isa = XCBuildConfiguration;
			buildSettings = {
				ASSETCATALOG_COMPILER_APPICON_NAME = AppIcon;
				DEVELOPMENT_TEAM = PTT8AW7PPX;
				INFOPLIST_FILE = CollectionView/Info.plist;
				LD_RUNPATH_SEARCH_PATHS = "$(inherited) @executable_path/Frameworks";
				PRODUCT_BUNDLE_IDENTIFIER = com.klyushkina.CollectionView;
				PRODUCT_NAME = "$(TARGET_NAME)";
				SWIFT_VERSION = 3.0;
			};
			name = Release;
		};
/* End XCBuildConfiguration section */

/* Begin XCConfigurationList section */
		320E62761EDCA8E00053E03F /* Build configuration list for PBXProject "CollectionView" */ = {
			isa = XCConfigurationList;
			buildConfigurations = (
				320E628B1EDCA8E00053E03F /* Debug */,
				320E628C1EDCA8E00053E03F /* Release */,
			);
			defaultConfigurationIsVisible = 0;
			defaultConfigurationName = Release;
		};
		320E628D1EDCA8E00053E03F /* Build configuration list for PBXNativeTarget "CollectionView" */ = {
			isa = XCConfigurationList;
			buildConfigurations = (
				320E628E1EDCA8E00053E03F /* Debug */,
				320E628F1EDCA8E00053E03F /* Release */,
			);
			defaultConfigurationIsVisible = 0;
			defaultConfigurationName = Release;
		};
/* End XCConfigurationList section */
	};
	rootObject = 320E62731EDCA8E00053E03F /* Project object */;
}
